
Microsoft Visual Studio Solution File, Format Version 12.00
# Visual Studio Version 17
VisualStudioVersion = 17.9.34622.214
MinimumVisualStudioVersion = 10.0.40219.1
Project("{FAE04EC0-301F-11D3-BF4B-00C04F79EFBC}") = "Runix.Logic", "Runix.Logic\Runix.Logic.csproj", "{F2532506-FC40-479E-B9E9-84FE2AB6A3B2}"
EndProject
Project("{FAE04EC0-301F-11D3-BF4B-00C04F79EFBC}") = "RunixLauncher", "RunixLauncher\RunixLauncher.csproj", "{06830198-F5EA-46E1-A3A7-EE2CAAB84FEB}"
EndProject
Project("{FAE04EC0-301F-11D3-BF4B-00C04F79EFBC}") = "Runix.Input", "Runix.Input\Runix.Input.csproj", "{42BF9430-E486-4EB0-8A21-F3C03EFD3254}"
EndProject
Project("{FAE04EC0-301F-11D3-BF4B-00C04F79EFBC}") = "CSharpSqliteORM", "Runix.Database\CSharpSqliteORM.csproj", "{0605FAD4-45DA-41A2-92B6-5D294947495C}"
EndProject
Project("{FAE04EC0-301F-11D3-BF4B-00C04F79EFBC}") = "Runix.Structure", "Runix.Structure\Runix.Structure.csproj", "{01D277F9-928F-4E74-928F-F343D92120AE}"
EndProject
Project("{FAE04EC0-301F-11D3-BF4B-00C04F79EFBC}") = "Runix.DataAccess", "Runix.DataAccess\Runix.DataAccess.csproj", "{B21838AA-707E-4423-A0ED-CAFCA708A45F}"
EndProject
Global
	GlobalSection(SolutionConfigurationPlatforms) = preSolution
		Debug|Any CPU = Debug|Any CPU
		Debug|x64 = Debug|x64
		Debug|x86 = Debug|x86
		Release|Any CPU = Release|Any CPU
		Release|x64 = Release|x64
		Release|x86 = Release|x86
	EndGlobalSection
	GlobalSection(ProjectConfigurationPlatforms) = postSolution
		{F2532506-FC40-479E-B9E9-84FE2AB6A3B2}.Debug|Any CPU.ActiveCfg = Debug|Any CPU
		{F2532506-FC40-479E-B9E9-84FE2AB6A3B2}.Debug|Any CPU.Build.0 = Debug|Any CPU
		{F2532506-FC40-479E-B9E9-84FE2AB6A3B2}.Debug|x64.ActiveCfg = Debug|Any CPU
		{F2532506-FC40-479E-B9E9-84FE2AB6A3B2}.Debug|x64.Build.0 = Debug|Any CPU
		{F2532506-FC40-479E-B9E9-84FE2AB6A3B2}.Debug|x86.ActiveCfg = Debug|Any CPU
		{F2532506-FC40-479E-B9E9-84FE2AB6A3B2}.Debug|x86.Build.0 = Debug|Any CPU
		{F2532506-FC40-479E-B9E9-84FE2AB6A3B2}.Release|Any CPU.ActiveCfg = Release|Any CPU
		{F2532506-FC40-479E-B9E9-84FE2AB6A3B2}.Release|Any CPU.Build.0 = Release|Any CPU
		{F2532506-FC40-479E-B9E9-84FE2AB6A3B2}.Release|x64.ActiveCfg = Release|Any CPU
		{F2532506-FC40-479E-B9E9-84FE2AB6A3B2}.Release|x64.Build.0 = Release|Any CPU
		{F2532506-FC40-479E-B9E9-84FE2AB6A3B2}.Release|x86.ActiveCfg = Release|Any CPU
		{F2532506-FC40-479E-B9E9-84FE2AB6A3B2}.Release|x86.Build.0 = Release|Any CPU
		{06830198-F5EA-46E1-A3A7-EE2CAAB84FEB}.Debug|Any CPU.ActiveCfg = Debug|Any CPU
		{06830198-F5EA-46E1-A3A7-EE2CAAB84FEB}.Debug|Any CPU.Build.0 = Debug|Any CPU
		{06830198-F5EA-46E1-A3A7-EE2CAAB84FEB}.Debug|x64.ActiveCfg = Debug|Any CPU
		{06830198-F5EA-46E1-A3A7-EE2CAAB84FEB}.Debug|x64.Build.0 = Debug|Any CPU
		{06830198-F5EA-46E1-A3A7-EE2CAAB84FEB}.Debug|x86.ActiveCfg = Debug|Any CPU
		{06830198-F5EA-46E1-A3A7-EE2CAAB84FEB}.Debug|x86.Build.0 = Debug|Any CPU
		{06830198-F5EA-46E1-A3A7-EE2CAAB84FEB}.Release|Any CPU.ActiveCfg = Release|Any CPU
		{06830198-F5EA-46E1-A3A7-EE2CAAB84FEB}.Release|Any CPU.Build.0 = Release|Any CPU
		{06830198-F5EA-46E1-A3A7-EE2CAAB84FEB}.Release|x64.ActiveCfg = Release|Any CPU
		{06830198-F5EA-46E1-A3A7-EE2CAAB84FEB}.Release|x64.Build.0 = Release|Any CPU
		{06830198-F5EA-46E1-A3A7-EE2CAAB84FEB}.Release|x86.ActiveCfg = Release|Any CPU
		{06830198-F5EA-46E1-A3A7-EE2CAAB84FEB}.Release|x86.Build.0 = Release|Any CPU
		{42BF9430-E486-4EB0-8A21-F3C03EFD3254}.Debug|Any CPU.ActiveCfg = Debug|Any CPU
		{42BF9430-E486-4EB0-8A21-F3C03EFD3254}.Debug|Any CPU.Build.0 = Debug|Any CPU
		{42BF9430-E486-4EB0-8A21-F3C03EFD3254}.Debug|x64.ActiveCfg = Debug|Any CPU
		{42BF9430-E486-4EB0-8A21-F3C03EFD3254}.Debug|x64.Build.0 = Debug|Any CPU
		{42BF9430-E486-4EB0-8A21-F3C03EFD3254}.Debug|x86.ActiveCfg = Debug|Any CPU
		{42BF9430-E486-4EB0-8A21-F3C03EFD3254}.Debug|x86.Build.0 = Debug|Any CPU
		{42BF9430-E486-4EB0-8A21-F3C03EFD3254}.Release|Any CPU.ActiveCfg = Release|Any CPU
		{42BF9430-E486-4EB0-8A21-F3C03EFD3254}.Release|Any CPU.Build.0 = Release|Any CPU
		{42BF9430-E486-4EB0-8A21-F3C03EFD3254}.Release|x64.ActiveCfg = Release|Any CPU
		{42BF9430-E486-4EB0-8A21-F3C03EFD3254}.Release|x64.Build.0 = Release|Any CPU
		{42BF9430-E486-4EB0-8A21-F3C03EFD3254}.Release|x86.ActiveCfg = Release|Any CPU
		{42BF9430-E486-4EB0-8A21-F3C03EFD3254}.Release|x86.Build.0 = Release|Any CPU
		{0605FAD4-45DA-41A2-92B6-5D294947495C}.Debug|Any CPU.ActiveCfg = Debug|Any CPU
		{0605FAD4-45DA-41A2-92B6-5D294947495C}.Debug|Any CPU.Build.0 = Debug|Any CPU
		{0605FAD4-45DA-41A2-92B6-5D294947495C}.Debug|x64.ActiveCfg = Debug|Any CPU
		{0605FAD4-45DA-41A2-92B6-5D294947495C}.Debug|x64.Build.0 = Debug|Any CPU
		{0605FAD4-45DA-41A2-92B6-5D294947495C}.Debug|x86.ActiveCfg = Debug|Any CPU
		{0605FAD4-45DA-41A2-92B6-5D294947495C}.Debug|x86.Build.0 = Debug|Any CPU
		{0605FAD4-45DA-41A2-92B6-5D294947495C}.Release|Any CPU.ActiveCfg = Release|Any CPU
		{0605FAD4-45DA-41A2-92B6-5D294947495C}.Release|Any CPU.Build.0 = Release|Any CPU
		{0605FAD4-45DA-41A2-92B6-5D294947495C}.Release|x64.ActiveCfg = Release|Any CPU
		{0605FAD4-45DA-41A2-92B6-5D294947495C}.Release|x64.Build.0 = Release|Any CPU
		{0605FAD4-45DA-41A2-92B6-5D294947495C}.Release|x86.ActiveCfg = Release|Any CPU
		{0605FAD4-45DA-41A2-92B6-5D294947495C}.Release|x86.Build.0 = Release|Any CPU
		{01D277F9-928F-4E74-928F-F343D92120AE}.Debug|Any CPU.ActiveCfg = Debug|Any CPU
		{01D277F9-928F-4E74-928F-F343D92120AE}.Debug|Any CPU.Build.0 = Debug|Any CPU
		{01D277F9-928F-4E74-928F-F343D92120AE}.Debug|x64.ActiveCfg = Debug|Any CPU
		{01D277F9-928F-4E74-928F-F343D92120AE}.Debug|x64.Build.0 = Debug|Any CPU
		{01D277F9-928F-4E74-928F-F343D92120AE}.Debug|x86.ActiveCfg = Debug|Any CPU
		{01D277F9-928F-4E74-928F-F343D92120AE}.Debug|x86.Build.0 = Debug|Any CPU
		{01D277F9-928F-4E74-928F-F343D92120AE}.Release|Any CPU.ActiveCfg = Release|Any CPU
		{01D277F9-928F-4E74-928F-F343D92120AE}.Release|Any CPU.Build.0 = Release|Any CPU
		{01D277F9-928F-4E74-928F-F343D92120AE}.Release|x64.ActiveCfg = Release|Any CPU
		{01D277F9-928F-4E74-928F-F343D92120AE}.Release|x64.Build.0 = Release|Any CPU
		{01D277F9-928F-4E74-928F-F343D92120AE}.Release|x86.ActiveCfg = Release|Any CPU
		{01D277F9-928F-4E74-928F-F343D92120AE}.Release|x86.Build.0 = Release|Any CPU
		{B21838AA-707E-4423-A0ED-CAFCA708A45F}.Debug|Any CPU.ActiveCfg = Debug|Any CPU
		{B21838AA-707E-4423-A0ED-CAFCA708A45F}.Debug|Any CPU.Build.0 = Debug|Any CPU
		{B21838AA-707E-4423-A0ED-CAFCA708A45F}.Debug|x64.ActiveCfg = Debug|Any CPU
		{B21838AA-707E-4423-A0ED-CAFCA708A45F}.Debug|x64.Build.0 = Debug|Any CPU
		{B21838AA-707E-4423-A0ED-CAFCA708A45F}.Debug|x86.ActiveCfg = Debug|Any CPU
		{B21838AA-707E-4423-A0ED-CAFCA708A45F}.Debug|x86.Build.0 = Debug|Any CPU
		{B21838AA-707E-4423-A0ED-CAFCA708A45F}.Release|Any CPU.ActiveCfg = Release|Any CPU
		{B21838AA-707E-4423-A0ED-CAFCA708A45F}.Release|Any CPU.Build.0 = Release|Any CPU
		{B21838AA-707E-4423-A0ED-CAFCA708A45F}.Release|x64.ActiveCfg = Release|Any CPU
		{B21838AA-707E-4423-A0ED-CAFCA708A45F}.Release|x64.Build.0 = Release|Any CPU
		{B21838AA-707E-4423-A0ED-CAFCA708A45F}.Release|x86.ActiveCfg = Release|Any CPU
		{B21838AA-707E-4423-A0ED-CAFCA708A45F}.Release|x86.Build.0 = Release|Any CPU
	EndGlobalSection
	GlobalSection(SolutionProperties) = preSolution
		HideSolutionNode = FALSE
	EndGlobalSection
	GlobalSection(ExtensibilityGlobals) = postSolution
		SolutionGuid = {CA45C3AE-47EC-4C3C-9B5F-30984AD37C31}
	EndGlobalSection
EndGlobal
